# This file is automatically @generated by Cargo.
# It is not intended for manual editing.
version = 3

[[package]]
name = "folder"
version = "0.1.0"
dependencies = [
 "version",
]

[[package]]
name = "version"
version = "3.0.0"
source = "registry+https://github.com/rust-lang/crates.io-index"
checksum = "3a449064fee414fcc201356a3e6c1510f6c8829ed28bb06b91c54ebe208ce065"
